{
  "name": "foodcoopshop",
  "requires": true,
  "lockfileVersion": 1,
  "dependencies": {
    "blueimp-canvas-to-blob": {
      "version": "3.5.0",
      "resolved": "https://registry.npmjs.org/blueimp-canvas-to-blob/-/blueimp-canvas-to-blob-3.5.0.tgz",
      "integrity": "sha1-VnmsMvaig1gh8MOtZhcZ/4WpI2s=",
      "optional": true
    },
    "blueimp-file-upload": {
      "version": "9.18.0",
      "resolved": "https://registry.npmjs.org/blueimp-file-upload/-/blueimp-file-upload-9.18.0.tgz",
      "integrity": "sha1-lEKBlWdAoV5KyobjsgiIia9ggJw=",
      "requires": {
        "blueimp-canvas-to-blob": "3.5.0",
        "blueimp-load-image": "2.12.2",
        "blueimp-tmpl": "3.6.0"
      }
    },
    "blueimp-load-image": {
      "version": "2.12.2",
      "resolved": "https://registry.npmjs.org/blueimp-load-image/-/blueimp-load-image-2.12.2.tgz",
      "integrity": "sha1-ahdZiquFjU+/AVQ+BjEUG1EFfIc=",
      "optional": true
    },
    "blueimp-tmpl": {
      "version": "3.6.0",
      "resolved": "https://registry.npmjs.org/blueimp-tmpl/-/blueimp-tmpl-3.6.0.tgz",
      "integrity": "sha1-pJEJddBC4rwDunfw5i0E8VSKUkw=",
      "optional": true
    },
    "bootstrap": {
      "version": "3.3.7",
      "resolved": "https://registry.npmjs.org/bootstrap/-/bootstrap-3.3.7.tgz",
      "integrity": "sha1-WjiTlFSfIzMIdaOxUGVldPip63E="
    },
    "bootstrap-select": {
      "version": "1.12.4",
      "resolved": "https://registry.npmjs.org/bootstrap-select/-/bootstrap-select-1.12.4.tgz",
      "integrity": "sha1-fxXTwM6XiGjZwJxw+WYk9V+gLuE=",
      "requires": {
        "jquery": "1.12.4"
      }
    },
    "ckeditor": {
      "version": "4.8.0",
      "resolved": "https://registry.npmjs.org/ckeditor/-/ckeditor-4.8.0.tgz",
      "integrity": "sha1-XUUPoCpo1aFDz1YZdU+/DATK1CY="
    },
    "components-jqueryui": {
      "version": "1.12.1",
      "resolved": "https://registry.npmjs.org/components-jqueryui/-/components-jqueryui-1.12.1.tgz",
      "integrity": "sha1-YXB28SjzvkwmXz4ttQRx75bNnO4="
    },
    "famfamfam-silk": {
      "version": "1.0.0",
      "resolved": "https://registry.npmjs.org/famfamfam-silk/-/famfamfam-silk-1.0.0.tgz",
      "integrity": "sha1-Z7dQ3tKW7dkvqOeBi/7uWkS4eVs="
    },
    "featherlight": {
      "version": "1.7.8",
      "resolved": "https://registry.npmjs.org/featherlight/-/featherlight-1.7.8.tgz",
      "integrity": "sha1-FepoAlOWRYQ2ptbLAOjliy4vmEY="
    },
    "font-awesome": {
      "version": "4.7.0",
      "resolved": "https://registry.npmjs.org/font-awesome/-/font-awesome-4.7.0.tgz",
      "integrity": "sha1-j6jPBBGhoxr9B7BtKQK7n8gVoTM="
    },
    "jquery": {
      "version": "1.12.4",
      "resolved": "https://registry.npmjs.org/jquery/-/jquery-1.12.4.tgz",
      "integrity": "sha1-AeHfuikP5z3rp3zurLD5ui/sngw="
    },
    "jquery-backstretch": {
      "version": "2.1.16",
      "resolved": "https://registry.npmjs.org/jquery-backstretch/-/jquery-backstretch-2.1.16.tgz",
      "integrity": "sha1-TudUfcuFz2nu0mOcrAyRMWUdxec=",
      "requires": {
        "jquery": "3.2.1"
      },
      "dependencies": {
        "jquery": {
          "version": "3.2.1",
          "resolved": "https://registry.npmjs.org/jquery/-/jquery-3.2.1.tgz",
          "integrity": "sha1-XE2d5lKvbNCncBVKYxu6ErAVx4c="
        }
      }
    },
    "jquery-knob": {
      "version": "1.2.11",
      "resolved": "https://registry.npmjs.org/jquery-knob/-/jquery-knob-1.2.11.tgz",
      "integrity": "sha1-83w528HHpqbBLNsu1Pa/+2g/ENY="
    },
    "jquery.cycle2": {
      "version": "2.1.7",
      "resolved": "https://registry.npmjs.org/jquery.cycle2/-/jquery.cycle2-2.1.7.tgz",
      "integrity": "sha1-4fB7kFyObpKm5n+oLpYA+O38J3U=",
      "requires": {
        "jquery": "1.12.4"
      }
    },
    "jquery.cycle2.swipe": {
      "version": "1.0.0",
      "resolved": "https://registry.npmjs.org/jquery.cycle2.swipe/-/jquery.cycle2.swipe-1.0.0.tgz",
      "integrity": "sha1-e2VyCclEr9E2hddisgN6feei7hE="
    },
    "jquery.scrollto": {
      "version": "2.1.2",
      "resolved": "https://registry.npmjs.org/jquery.scrollto/-/jquery.scrollto-2.1.2.tgz",
      "integrity": "sha1-51gNnHrEbvW7JTGUg/b0VxP9fGw=",
      "requires": {
        "jquery": "1.12.4"
      }
    },
    "owl.carousel": {
      "version": "2.2.0",
      "resolved": "https://registry.npmjs.org/owl.carousel/-/owl.carousel-2.2.0.tgz",
      "integrity": "sha1-81mNAeYHV7wQeys8YSMbEUDPNgw=",
      "requires": {
        "jquery": "1.12.4"
      }
    },
    "slidebars": {
      "version": "2.0.2",
      "resolved": "https://registry.npmjs.org/slidebars/-/slidebars-2.0.2.tgz",
      "integrity": "sha1-zFPDZaEWA+k6C94yzywcSy8Eu2s=",
      "requires": {
        "jquery": "1.12.4"
      }
    }
  }
}
